
Microsoft Visual Studio Solution File, Format Version 12.00
# Visual Studio 15
VisualStudioVersion = 15.0.28307.168
MinimumVisualStudioVersion = 10.0.40219.1
Project("{FAE04EC0-301F-11D3-BF4B-00C04F79EFBC}") = "AzureDBWebApp", "AzureDBWebApp\AzureDBWebApp.csproj", "{5AF9FB3A-6F5C-44A1-832A-4FCDAF36FECB}"
EndProject
Global
	GlobalSection(SolutionConfigurationPlatforms) = preSolution
		Debug|Any CPU = Debug|Any CPU
		Release|Any CPU = Release|Any CPU
	EndGlobalSection
	GlobalSection(ProjectConfigurationPlatforms) = postSolution
		{5AF9FB3A-6F5C-44A1-832A-4FCDAF36FECB}.Debug|Any CPU.ActiveCfg = Debug|Any CPU
		{5AF9FB3A-6F5C-44A1-832A-4FCDAF36FECB}.Debug|Any CPU.Build.0 = Debug|Any CPU
		{5AF9FB3A-6F5C-44A1-832A-4FCDAF36FECB}.Release|Any CPU.ActiveCfg = Release|Any CPU
		{5AF9FB3A-6F5C-44A1-832A-4FCDAF36FECB}.Release|Any CPU.Build.0 = Release|Any CPU
	EndGlobalSection
	GlobalSection(SolutionProperties) = preSolution
		HideSolutionNode = FALSE
	EndGlobalSection
	GlobalSection(ExtensibilityGlobals) = postSolution
		SolutionGuid = {209D32F2-AF58-4BAB-861C-35F483B6D064}
	EndGlobalSection
EndGlobal
